
Microsoft Visual Studio Solution File, Format Version 12.00
# Visual Studio 15
VisualStudioVersion = 15.0.28010.2036
MinimumVisualStudioVersion = 10.0.40219.1
Project("{FAE04EC0-301F-11D3-BF4B-00C04F79EFBC}") = "CheatExecutor", "CheatExecutor\CheatExecutor.csproj", "{77A9DBBF-DA71-4E73-915C-292F112C44C5}"
EndProject
Project("{FAE04EC0-301F-11D3-BF4B-00C04F79EFBC}") = "CheatManager", "CheatManager\CheatManager.csproj", "{9463576E-5075-47D1-BF93-801157568AE4}"
EndProject
Global
	GlobalSection(SolutionConfigurationPlatforms) = preSolution
		Debug|Any CPU = Debug|Any CPU
		Release|Any CPU = Release|Any CPU
	EndGlobalSection
	GlobalSection(ProjectConfigurationPlatforms) = postSolution
		{77A9DBBF-DA71-4E73-915C-292F112C44C5}.Debug|Any CPU.ActiveCfg = Debug|Any CPU
		{77A9DBBF-DA71-4E73-915C-292F112C44C5}.Debug|Any CPU.Build.0 = Debug|Any CPU
		{77A9DBBF-DA71-4E73-915C-292F112C44C5}.Release|Any CPU.ActiveCfg = Release|Any CPU
		{77A9DBBF-DA71-4E73-915C-292F112C44C5}.Release|Any CPU.Build.0 = Release|Any CPU
		{9463576E-5075-47D1-BF93-801157568AE4}.Debug|Any CPU.ActiveCfg = Debug|Any CPU
		{9463576E-5075-47D1-BF93-801157568AE4}.Debug|Any CPU.Build.0 = Debug|Any CPU
		{9463576E-5075-47D1-BF93-801157568AE4}.Release|Any CPU.ActiveCfg = Release|Any CPU
		{9463576E-5075-47D1-BF93-801157568AE4}.Release|Any CPU.Build.0 = Release|Any CPU
	EndGlobalSection
	GlobalSection(SolutionProperties) = preSolution
		HideSolutionNode = FALSE
	EndGlobalSection
	GlobalSection(ExtensibilityGlobals) = postSolution
		SolutionGuid = {8EB50A3E-FF97-4B01-B9A8-7E0DDB35C8A0}
	EndGlobalSection
EndGlobal
